// !$*UTF8*$!
{
	archiveVersion = 1;
	classes = {
	};
	objectVersion = 56;
	objects = {

/* Begin PBXBuildFile section */
		5B0192112942D04E00811EEB /* HerosDetailView.swift in Sources */ = {isa = PBXBuildFile; fileRef = 5B0192102942D04E00811EEB /* HerosDetailView.swift */; };
		5B01921329434B1600811EEB /* DeveloperModel.swift in Sources */ = {isa = PBXBuildFile; fileRef = 5B01921229434B1600811EEB /* DeveloperModel.swift */; };
		5B0192152943555B00811EEB /* viewModelDevelopers.swift in Sources */ = {isa = PBXBuildFile; fileRef = 5B0192142943555B00811EEB /* viewModelDevelopers.swift */; };
		5B0192192943648C00811EEB /* DevelopersView.swift in Sources */ = {isa = PBXBuildFile; fileRef = 5B0192182943648C00811EEB /* DevelopersView.swift */; };
		5B01921C294368C900811EEB /* DevelopersRowView.swift in Sources */ = {isa = PBXBuildFile; fileRef = 5B01921B294368C900811EEB /* DevelopersRowView.swift */; };
		5B01921E2943869D00811EEB /* FavoriteDevelopersView.swift in Sources */ = {isa = PBXBuildFile; fileRef = 5B01921D2943869D00811EEB /* FavoriteDevelopersView.swift */; };
		5B124AAB29427E6900C993B7 /* KeychainSwift in Frameworks */ = {isa = PBXBuildFile; productRef = 5B124AAA29427E6900C993B7 /* KeychainSwift */; };
		5B577E50294277480050E8CA /* rootView.swift in Sources */ = {isa = PBXBuildFile; fileRef = 5BF770F82940D13100FAA323 /* rootView.swift */; };
		5B577E51294277490050E8CA /* rootView.swift in Sources */ = {isa = PBXBuildFile; fileRef = 5BF770F82940D13100FAA323 /* rootView.swift */; };
		5BF77064293E79E900FAA323 /* kcHeroesMultiApp.swift in Sources */ = {isa = PBXBuildFile; fileRef = 5BF77063293E79E900FAA323 /* kcHeroesMultiApp.swift */; };
		5BF77066293E79E900FAA323 /* Persistence.swift in Sources */ = {isa = PBXBuildFile; fileRef = 5BF77065293E79E900FAA323 /* Persistence.swift */; };
		5BF77069293E79E900FAA323 /* kcHeroesMulti.xcdatamodeld in Sources */ = {isa = PBXBuildFile; fileRef = 5BF77067293E79E900FAA323 /* kcHeroesMulti.xcdatamodeld */; };
		5BF7706B293E79E900FAA323 /* ContentView.swift in Sources */ = {isa = PBXBuildFile; fileRef = 5BF7706A293E79E900FAA323 /* ContentView.swift */; };
		5BF7706D293E79EA00FAA323 /* Assets.xcassets in Resources */ = {isa = PBXBuildFile; fileRef = 5BF7706C293E79EA00FAA323 /* Assets.xcassets */; };
		5BF77071293E79EA00FAA323 /* Preview Assets.xcassets in Resources */ = {isa = PBXBuildFile; fileRef = 5BF77070293E79EA00FAA323 /* Preview Assets.xcassets */; };
		5BF7707B293E79EB00FAA323 /* kcHeroesMultiTests.swift in Sources */ = {isa = PBXBuildFile; fileRef = 5BF7707A293E79EB00FAA323 /* kcHeroesMultiTests.swift */; };
		5BF77085293E79EB00FAA323 /* kcHeroesMultiUITests.swift in Sources */ = {isa = PBXBuildFile; fileRef = 5BF77084293E79EB00FAA323 /* kcHeroesMultiUITests.swift */; };
		5BF77087293E79EB00FAA323 /* kcHeroesMultiUITestsLaunchTests.swift in Sources */ = {isa = PBXBuildFile; fileRef = 5BF77086293E79EB00FAA323 /* kcHeroesMultiUITestsLaunchTests.swift */; };
		5BF7709A293E7B8A00FAA323 /* LoginView.swift in Sources */ = {isa = PBXBuildFile; fileRef = 5BF77099293E7B8A00FAA323 /* LoginView.swift */; };
		5BF7709B293E7B8A00FAA323 /* LoginView.swift in Sources */ = {isa = PBXBuildFile; fileRef = 5BF77099293E7B8A00FAA323 /* LoginView.swift */; };
		5BF7709C293E7B8A00FAA323 /* LoginView.swift in Sources */ = {isa = PBXBuildFile; fileRef = 5BF77099293E7B8A00FAA323 /* LoginView.swift */; };
		5BF770A4293E7D0A00FAA323 /* Localizable.strings in Resources */ = {isa = PBXBuildFile; fileRef = 5BF770A8293E7D0A00FAA323 /* Localizable.strings */; };
		5BF770A5293E7D0A00FAA323 /* Localizable.strings in Resources */ = {isa = PBXBuildFile; fileRef = 5BF770A8293E7D0A00FAA323 /* Localizable.strings */; };
		5BF770A6293E7D0A00FAA323 /* Localizable.strings in Resources */ = {isa = PBXBuildFile; fileRef = 5BF770A8293E7D0A00FAA323 /* Localizable.strings */; };
		5BF770AC293F6E6100FAA323 /* KeyChain.swift in Sources */ = {isa = PBXBuildFile; fileRef = 5BF770AB293F6E6100FAA323 /* KeyChain.swift */; };
		5BF770F1293FDA8F00FAA323 /* RootViewModel.swift in Sources */ = {isa = PBXBuildFile; fileRef = 5BF770F0293FDA8F00FAA323 /* RootViewModel.swift */; };
		5BF770F3293FDAC200FAA323 /* StatusModel.swift in Sources */ = {isa = PBXBuildFile; fileRef = 5BF770F2293FDAC200FAA323 /* StatusModel.swift */; };
		5BF770F5293FDBDD00FAA323 /* BaseNetwork.swift in Sources */ = {isa = PBXBuildFile; fileRef = 5BF770F4293FDBDD00FAA323 /* BaseNetwork.swift */; };
		5BF770F72940CD1200FAA323 /* PropertyWrappers.swift in Sources */ = {isa = PBXBuildFile; fileRef = 5BF770F62940CD1200FAA323 /* PropertyWrappers.swift */; };
		5BF770F92940D13100FAA323 /* rootView.swift in Sources */ = {isa = PBXBuildFile; fileRef = 5BF770F82940D13100FAA323 /* rootView.swift */; };
		5BF770FC2940D59700FAA323 /* LoaderView.swift in Sources */ = {isa = PBXBuildFile; fileRef = 5BF770FB2940D59700FAA323 /* LoaderView.swift */; };
		5BF770FE2940D71D00FAA323 /* ErrorView.swift in Sources */ = {isa = PBXBuildFile; fileRef = 5BF770FD2940D71D00FAA323 /* ErrorView.swift */; };
		5BF7710129410B6000FAA323 /* PrincipalView.swift in Sources */ = {isa = PBXBuildFile; fileRef = 5BF7710029410B6000FAA323 /* PrincipalView.swift */; };
		5BF7710329410D8E00FAA323 /* HerosModel.swift in Sources */ = {isa = PBXBuildFile; fileRef = 5BF7710229410D8E00FAA323 /* HerosModel.swift */; };
		5BF7710529410FDF00FAA323 /* viewModelHeros.swift in Sources */ = {isa = PBXBuildFile; fileRef = 5BF7710429410FDF00FAA323 /* viewModelHeros.swift */; };
		5BF771082941131A00FAA323 /* HerosView.swift in Sources */ = {isa = PBXBuildFile; fileRef = 5BF771072941131A00FAA323 /* HerosView.swift */; };
		5BF7710A2941143900FAA323 /* HerosRowView.swift in Sources */ = {isa = PBXBuildFile; fileRef = 5BF771092941143900FAA323 /* HerosRowView.swift */; };
/* End PBXBuildFile section */

/* Begin PBXContainerItemProxy section */
		5BF77077293E79EB00FAA323 /* PBXContainerItemProxy */ = {
			isa = PBXContainerItemProxy;
			containerPortal = 5BF77058293E79E800FAA323 /* Project object */;
			proxyType = 1;
			remoteGlobalIDString = 5BF7705F293E79E900FAA323;
			remoteInfo = kcHeroesMulti;
		};
		5BF77081293E79EB00FAA323 /* PBXContainerItemProxy */ = {
			isa = PBXContainerItemProxy;
			containerPortal = 5BF77058293E79E800FAA323 /* Project object */;
			proxyType = 1;
			remoteGlobalIDString = 5BF7705F293E79E900FAA323;
			remoteInfo = kcHeroesMulti;
		};
/* End PBXContainerItemProxy section */

/* Begin PBXFileReference section */
		5B0192102942D04E00811EEB /* HerosDetailView.swift */ = {isa = PBXFileReference; lastKnownFileType = sourcecode.swift; path = HerosDetailView.swift; sourceTree = "<group>"; };
		5B01921229434B1600811EEB /* DeveloperModel.swift */ = {isa = PBXFileReference; lastKnownFileType = sourcecode.swift; path = DeveloperModel.swift; sourceTree = "<group>"; };
		5B0192142943555B00811EEB /* viewModelDevelopers.swift */ = {isa = PBXFileReference; lastKnownFileType = sourcecode.swift; path = viewModelDevelopers.swift; sourceTree = "<group>"; };
		5B0192182943648C00811EEB /* DevelopersView.swift */ = {isa = PBXFileReference; lastKnownFileType = sourcecode.swift; path = DevelopersView.swift; sourceTree = "<group>"; };
		5B01921B294368C900811EEB /* DevelopersRowView.swift */ = {isa = PBXFileReference; lastKnownFileType = sourcecode.swift; path = DevelopersRowView.swift; sourceTree = "<group>"; };
		5B01921D2943869D00811EEB /* FavoriteDevelopersView.swift */ = {isa = PBXFileReference; lastKnownFileType = sourcecode.swift; path = FavoriteDevelopersView.swift; sourceTree = "<group>"; };
		5BF77060293E79E900FAA323 /* kcHeroesMulti.app */ = {isa = PBXFileReference; explicitFileType = wrapper.application; includeInIndex = 0; path = kcHeroesMulti.app; sourceTree = BUILT_PRODUCTS_DIR; };
		5BF77063293E79E900FAA323 /* kcHeroesMultiApp.swift */ = {isa = PBXFileReference; lastKnownFileType = sourcecode.swift; path = kcHeroesMultiApp.swift; sourceTree = "<group>"; };
		5BF77065293E79E900FAA323 /* Persistence.swift */ = {isa = PBXFileReference; lastKnownFileType = sourcecode.swift; path = Persistence.swift; sourceTree = "<group>"; };
		5BF77068293E79E900FAA323 /* kcHeroesMulti.xcdatamodel */ = {isa = PBXFileReference; lastKnownFileType = wrapper.xcdatamodel; path = kcHeroesMulti.xcdatamodel; sourceTree = "<group>"; };
		5BF7706A293E79E900FAA323 /* ContentView.swift */ = {isa = PBXFileReference; lastKnownFileType = sourcecode.swift; path = ContentView.swift; sourceTree = "<group>"; };
		5BF7706C293E79EA00FAA323 /* Assets.xcassets */ = {isa = PBXFileReference; lastKnownFileType = folder.assetcatalog; path = Assets.xcassets; sourceTree = "<group>"; };
		5BF7706E293E79EA00FAA323 /* kcHeroesMulti.entitlements */ = {isa = PBXFileReference; lastKnownFileType = text.plist.entitlements; path = kcHeroesMulti.entitlements; sourceTree = "<group>"; };
		5BF77070293E79EA00FAA323 /* Preview Assets.xcassets */ = {isa = PBXFileReference; lastKnownFileType = folder.assetcatalog; path = "Preview Assets.xcassets"; sourceTree = "<group>"; };
		5BF77076293E79EB00FAA323 /* kcHeroesMultiTests.xctest */ = {isa = PBXFileReference; explicitFileType = wrapper.cfbundle; includeInIndex = 0; path = kcHeroesMultiTests.xctest; sourceTree = BUILT_PRODUCTS_DIR; };
		5BF7707A293E79EB00FAA323 /* kcHeroesMultiTests.swift */ = {isa = PBXFileReference; lastKnownFileType = sourcecode.swift; path = kcHeroesMultiTests.swift; sourceTree = "<group>"; };
		5BF77080293E79EB00FAA323 /* kcHeroesMultiUITests.xctest */ = {isa = PBXFileReference; explicitFileType = wrapper.cfbundle; includeInIndex = 0; path = kcHeroesMultiUITests.xctest; sourceTree = BUILT_PRODUCTS_DIR; };
		5BF77084293E79EB00FAA323 /* kcHeroesMultiUITests.swift */ = {isa = PBXFileReference; lastKnownFileType = sourcecode.swift; path = kcHeroesMultiUITests.swift; sourceTree = "<group>"; };
		5BF77086293E79EB00FAA323 /* kcHeroesMultiUITestsLaunchTests.swift */ = {isa = PBXFileReference; lastKnownFileType = sourcecode.swift; path = kcHeroesMultiUITestsLaunchTests.swift; sourceTree = "<group>"; };
		5BF77099293E7B8A00FAA323 /* LoginView.swift */ = {isa = PBXFileReference; lastKnownFileType = sourcecode.swift; path = LoginView.swift; sourceTree = "<group>"; };
		5BF770A7293E7D0A00FAA323 /* en */ = {isa = PBXFileReference; lastKnownFileType = text.plist.strings; name = en; path = en.lproj/Localizable.strings; sourceTree = "<group>"; };
		5BF770A9293E7D0B00FAA323 /* es */ = {isa = PBXFileReference; lastKnownFileType = text.plist.strings; name = es; path = es.lproj/Localizable.strings; sourceTree = "<group>"; };
		5BF770AB293F6E6100FAA323 /* KeyChain.swift */ = {isa = PBXFileReference; lastKnownFileType = sourcecode.swift; path = KeyChain.swift; sourceTree = "<group>"; };
		5BF770F0293FDA8F00FAA323 /* RootViewModel.swift */ = {isa = PBXFileReference; lastKnownFileType = sourcecode.swift; path = RootViewModel.swift; sourceTree = "<group>"; };
		5BF770F2293FDAC200FAA323 /* StatusModel.swift */ = {isa = PBXFileReference; lastKnownFileType = sourcecode.swift; path = StatusModel.swift; sourceTree = "<group>"; };
		5BF770F4293FDBDD00FAA323 /* BaseNetwork.swift */ = {isa = PBXFileReference; lastKnownFileType = sourcecode.swift; path = BaseNetwork.swift; sourceTree = "<group>"; };
		5BF770F62940CD1200FAA323 /* PropertyWrappers.swift */ = {isa = PBXFileReference; lastKnownFileType = sourcecode.swift; path = PropertyWrappers.swift; sourceTree = "<group>"; };
		5BF770F82940D13100FAA323 /* rootView.swift */ = {isa = PBXFileReference; lastKnownFileType = sourcecode.swift; path = rootView.swift; sourceTree = "<group>"; };
		5BF770FB2940D59700FAA323 /* LoaderView.swift */ = {isa = PBXFileReference; lastKnownFileType = sourcecode.swift; path = LoaderView.swift; sourceTree = "<group>"; };
		5BF770FD2940D71D00FAA323 /* ErrorView.swift */ = {isa = PBXFileReference; lastKnownFileType = sourcecode.swift; path = ErrorView.swift; sourceTree = "<group>"; };
		5BF7710029410B6000FAA323 /* PrincipalView.swift */ = {isa = PBXFileReference; lastKnownFileType = sourcecode.swift; path = PrincipalView.swift; sourceTree = "<group>"; };
		5BF7710229410D8E00FAA323 /* HerosModel.swift */ = {isa = PBXFileReference; lastKnownFileType = sourcecode.swift; path = HerosModel.swift; sourceTree = "<group>"; };
		5BF7710429410FDF00FAA323 /* viewModelHeros.swift */ = {isa = PBXFileReference; lastKnownFileType = sourcecode.swift; path = viewModelHeros.swift; sourceTree = "<group>"; };
		5BF771072941131A00FAA323 /* HerosView.swift */ = {isa = PBXFileReference; lastKnownFileType = sourcecode.swift; path = HerosView.swift; sourceTree = "<group>"; };
		5BF771092941143900FAA323 /* HerosRowView.swift */ = {isa = PBXFileReference; lastKnownFileType = sourcecode.swift; path = HerosRowView.swift; sourceTree = "<group>"; };
/* End PBXFileReference section */

/* Begin PBXFrameworksBuildPhase section */
		5BF7705D293E79E900FAA323 /* Frameworks */ = {
			isa = PBXFrameworksBuildPhase;
			buildActionMask = 2147483647;
			files = (
				5B124AAB29427E6900C993B7 /* KeychainSwift in Frameworks */,
			);
			runOnlyForDeploymentPostprocessing = 0;
		};
		5BF77073293E79EB00FAA323 /* Frameworks */ = {
			isa = PBXFrameworksBuildPhase;
			buildActionMask = 2147483647;
			files = (
			);
			runOnlyForDeploymentPostprocessing = 0;
		};
		5BF7707D293E79EB00FAA323 /* Frameworks */ = {
			isa = PBXFrameworksBuildPhase;
			buildActionMask = 2147483647;
			files = (
			);
			runOnlyForDeploymentPostprocessing = 0;
		};
/* End PBXFrameworksBuildPhase section */

/* Begin PBXGroup section */
		5B01921A294365D900811EEB /* Developers */ = {
			isa = PBXGroup;
			children = (
				5B0192182943648C00811EEB /* DevelopersView.swift */,
				5B01921B294368C900811EEB /* DevelopersRowView.swift */,
				5B01921D2943869D00811EEB /* FavoriteDevelopersView.swift */,
			);
			path = Developers;
			sourceTree = "<group>";
		};
		5BF77057293E79E800FAA323 = {
			isa = PBXGroup;
			children = (
				5BF77062293E79E900FAA323 /* kcHeroesMulti */,
				5BF77079293E79EB00FAA323 /* kcHeroesMultiTests */,
				5BF77083293E79EB00FAA323 /* kcHeroesMultiUITests */,
				5BF77061293E79E900FAA323 /* Products */,
			);
			sourceTree = "<group>";
		};
		5BF77061293E79E900FAA323 /* Products */ = {
			isa = PBXGroup;
			children = (
				5BF77060293E79E900FAA323 /* kcHeroesMulti.app */,
				5BF77076293E79EB00FAA323 /* kcHeroesMultiTests.xctest */,
				5BF77080293E79EB00FAA323 /* kcHeroesMultiUITests.xctest */,
			);
			name = Products;
			sourceTree = "<group>";
		};
		5BF77062293E79E900FAA323 /* kcHeroesMulti */ = {
			isa = PBXGroup;
			children = (
				5BF770AA293E7D6E00FAA323 /* old */,
				5BF77097293E7B3100FAA323 /* Models */,
				5BF77096293E7B2700FAA323 /* Services */,
				5BF77095293E7B2100FAA323 /* Tools */,
				5BF77094293E7B1A00FAA323 /* Views */,
				5BF77093293E7B1300FAA323 /* ViewModels */,
				5BF77063293E79E900FAA323 /* kcHeroesMultiApp.swift */,
				5BF7706C293E79EA00FAA323 /* Assets.xcassets */,
				5BF7706E293E79EA00FAA323 /* kcHeroesMulti.entitlements */,
				5BF77067293E79E900FAA323 /* kcHeroesMulti.xcdatamodeld */,
				5BF7706F293E79EA00FAA323 /* Preview Content */,
				5BF770A8293E7D0A00FAA323 /* Localizable.strings */,
			);
			path = kcHeroesMulti;
			sourceTree = "<group>";
		};
		5BF7706F293E79EA00FAA323 /* Preview Content */ = {
			isa = PBXGroup;
			children = (
				5BF77070293E79EA00FAA323 /* Preview Assets.xcassets */,
			);
			path = "Preview Content";
			sourceTree = "<group>";
		};
		5BF77079293E79EB00FAA323 /* kcHeroesMultiTests */ = {
			isa = PBXGroup;
			children = (
				5BF7707A293E79EB00FAA323 /* kcHeroesMultiTests.swift */,
			);
			path = kcHeroesMultiTests;
			sourceTree = "<group>";
		};
		5BF77083293E79EB00FAA323 /* kcHeroesMultiUITests */ = {
			isa = PBXGroup;
			children = (
				5BF77084293E79EB00FAA323 /* kcHeroesMultiUITests.swift */,
				5BF77086293E79EB00FAA323 /* kcHeroesMultiUITestsLaunchTests.swift */,
			);
			path = kcHeroesMultiUITests;
			sourceTree = "<group>";
		};
		5BF77093293E7B1300FAA323 /* ViewModels */ = {
			isa = PBXGroup;
			children = (
				5BF770F0293FDA8F00FAA323 /* RootViewModel.swift */,
				5BF7710429410FDF00FAA323 /* viewModelHeros.swift */,
				5B0192142943555B00811EEB /* viewModelDevelopers.swift */,
			);
			path = ViewModels;
			sourceTree = "<group>";
		};
		5BF77094293E7B1A00FAA323 /* Views */ = {
			isa = PBXGroup;
			children = (
				5BF770FF29410B4E00FAA323 /* Principal */,
				5BF770FA2940D58900FAA323 /* Tools */,
				5BF77098293E7B6C00FAA323 /* Login */,
				5BF770F82940D13100FAA323 /* rootView.swift */,
			);
			path = Views;
			sourceTree = "<group>";
		};
		5BF77095293E7B2100FAA323 /* Tools */ = {
			isa = PBXGroup;
			children = (
				5BF770AB293F6E6100FAA323 /* KeyChain.swift */,
				5BF770F62940CD1200FAA323 /* PropertyWrappers.swift */,
			);
			path = Tools;
			sourceTree = "<group>";
		};
		5BF77096293E7B2700FAA323 /* Services */ = {
			isa = PBXGroup;
			children = (
				5BF770F4293FDBDD00FAA323 /* BaseNetwork.swift */,
			);
			path = Services;
			sourceTree = "<group>";
		};
		5BF77097293E7B3100FAA323 /* Models */ = {
			isa = PBXGroup;
			children = (
				5BF770F2293FDAC200FAA323 /* StatusModel.swift */,
				5BF7710229410D8E00FAA323 /* HerosModel.swift */,
				5B01921229434B1600811EEB /* DeveloperModel.swift */,
			);
			path = Models;
			sourceTree = "<group>";
		};
		5BF77098293E7B6C00FAA323 /* Login */ = {
			isa = PBXGroup;
			children = (
				5BF77099293E7B8A00FAA323 /* LoginView.swift */,
				5BF770FD2940D71D00FAA323 /* ErrorView.swift */,
			);
			path = Login;
			sourceTree = "<group>";
		};
		5BF770AA293E7D6E00FAA323 /* old */ = {
			isa = PBXGroup;
			children = (
				5BF77065293E79E900FAA323 /* Persistence.swift */,
				5BF7706A293E79E900FAA323 /* ContentView.swift */,
			);
			path = old;
			sourceTree = "<group>";
		};
		5BF770FA2940D58900FAA323 /* Tools */ = {
			isa = PBXGroup;
			children = (
				5BF770FB2940D59700FAA323 /* LoaderView.swift */,
			);
			path = Tools;
			sourceTree = "<group>";
		};
		5BF770FF29410B4E00FAA323 /* Principal */ = {
			isa = PBXGroup;
			children = (
				5BF7710029410B6000FAA323 /* PrincipalView.swift */,
				5B01921A294365D900811EEB /* Developers */,
				5BF771062941130E00FAA323 /* Heros */,
			);
			path = Principal;
			sourceTree = "<group>";
		};
		5BF771062941130E00FAA323 /* Heros */ = {
			isa = PBXGroup;
			children = (
				5BF771072941131A00FAA323 /* HerosView.swift */,
				5BF771092941143900FAA323 /* HerosRowView.swift */,
				5B0192102942D04E00811EEB /* HerosDetailView.swift */,
			);
			path = Heros;
			sourceTree = "<group>";
		};
/* End PBXGroup section */

/* Begin PBXNativeTarget section */
		5BF7705F293E79E900FAA323 /* kcHeroesMulti */ = {
			isa = PBXNativeTarget;
			buildConfigurationList = 5BF7708A293E79EB00FAA323 /* Build configuration list for PBXNativeTarget "kcHeroesMulti" */;
			buildPhases = (
				5BF7705C293E79E900FAA323 /* Sources */,
				5BF7705D293E79E900FAA323 /* Frameworks */,
				5BF7705E293E79E900FAA323 /* Resources */,
			);
			buildRules = (
			);
			dependencies = (
			);
			name = kcHeroesMulti;
			packageProductDependencies = (
				5B124AAA29427E6900C993B7 /* KeychainSwift */,
			);
			productName = kcHeroesMulti;
			productReference = 5BF77060293E79E900FAA323 /* kcHeroesMulti.app */;
			productType = "com.apple.product-type.application";
		};
		5BF77075293E79EB00FAA323 /* kcHeroesMultiTests */ = {
			isa = PBXNativeTarget;
			buildConfigurationList = 5BF7708D293E79EB00FAA323 /* Build configuration list for PBXNativeTarget "kcHeroesMultiTests" */;
			buildPhases = (
				5BF77072293E79EB00FAA323 /* Sources */,
				5BF77073293E79EB00FAA323 /* Frameworks */,
				5BF77074293E79EB00FAA323 /* Resources */,
			);
			buildRules = (
			);
			dependencies = (
				5BF77078293E79EB00FAA323 /* PBXTargetDependency */,
			);
			name = kcHeroesMultiTests;
			productName = kcHeroesMultiTests;
			productReference = 5BF77076293E79EB00FAA323 /* kcHeroesMultiTests.xctest */;
			productType = "com.apple.product-type.bundle.unit-test";
		};
		5BF7707F293E79EB00FAA323 /* kcHeroesMultiUITests */ = {
			isa = PBXNativeTarget;
			buildConfigurationList = 5BF77090293E79EB00FAA323 /* Build configuration list for PBXNativeTarget "kcHeroesMultiUITests" */;
			buildPhases = (
				5BF7707C293E79EB00FAA323 /* Sources */,
				5BF7707D293E79EB00FAA323 /* Frameworks */,
				5BF7707E293E79EB00FAA323 /* Resources */,
			);
			buildRules = (
			);
			dependencies = (
				5BF77082293E79EB00FAA323 /* PBXTargetDependency */,
			);
			name = kcHeroesMultiUITests;
			productName = kcHeroesMultiUITests;
			productReference = 5BF77080293E79EB00FAA323 /* kcHeroesMultiUITests.xctest */;
			productType = "com.apple.product-type.bundle.ui-testing";
		};
/* End PBXNativeTarget section */

/* Begin PBXProject section */
		5BF77058293E79E800FAA323 /* Project object */ = {
			isa = PBXProject;
			attributes = {
				BuildIndependentTargetsInParallel = 1;
				LastSwiftUpdateCheck = 1400;
				LastUpgradeCheck = 1410;
				TargetAttributes = {
					5BF7705F293E79E900FAA323 = {
						CreatedOnToolsVersion = 14.0.1;
					};
					5BF77075293E79EB00FAA323 = {
						CreatedOnToolsVersion = 14.0.1;
						TestTargetID = 5BF7705F293E79E900FAA323;
					};
					5BF7707F293E79EB00FAA323 = {
						CreatedOnToolsVersion = 14.0.1;
						TestTargetID = 5BF7705F293E79E900FAA323;
					};
				};
			};
			buildConfigurationList = 5BF7705B293E79E800FAA323 /* Build configuration list for PBXProject "kcHeroesMulti" */;
			compatibilityVersion = "Xcode 14.0";
			developmentRegion = en;
			hasScannedForEncodings = 0;
			knownRegions = (
				en,
				Base,
				es,
			);
			mainGroup = 5BF77057293E79E800FAA323;
			packageReferences = (
				5B124AA929427E6900C993B7 /* XCRemoteSwiftPackageReference "keychain-swift" */,
			);
			productRefGroup = 5BF77061293E79E900FAA323 /* Products */;
			projectDirPath = "";
			projectRoot = "";
			targets = (
				5BF7705F293E79E900FAA323 /* kcHeroesMulti */,
				5BF77075293E79EB00FAA323 /* kcHeroesMultiTests */,
				5BF7707F293E79EB00FAA323 /* kcHeroesMultiUITests */,
			);
		};
/* End PBXProject section */

/* Begin PBXResourcesBuildPhase section */
		5BF7705E293E79E900FAA323 /* Resources */ = {
			isa = PBXResourcesBuildPhase;
			buildActionMask = 2147483647;
			files = (
				5BF77071293E79EA00FAA323 /* Preview Assets.xcassets in Resources */,
				5BF770A4293E7D0A00FAA323 /* Localizable.strings in Resources */,
				5BF7706D293E79EA00FAA323 /* Assets.xcassets in Resources */,
			);
			runOnlyForDeploymentPostprocessing = 0;
		};
		5BF77074293E79EB00FAA323 /* Resources */ = {
			isa = PBXResourcesBuildPhase;
			buildActionMask = 2147483647;
			files = (
				5BF770A5293E7D0A00FAA323 /* Localizable.strings in Resources */,
			);
			runOnlyForDeploymentPostprocessing = 0;
		};
		5BF7707E293E79EB00FAA323 /* Resources */ = {
			isa = PBXResourcesBuildPhase;
			buildActionMask = 2147483647;
			files = (
				5BF770A6293E7D0A00FAA323 /* Localizable.strings in Resources */,
			);
			runOnlyForDeploymentPostprocessing = 0;
		};
/* End PBXResourcesBuildPhase section */

/* Begin PBXSourcesBuildPhase section */
		5BF7705C293E79E900FAA323 /* Sources */ = {
			isa = PBXSourcesBuildPhase;
			buildActionMask = 2147483647;
			files = (
				5BF77069293E79E900FAA323 /* kcHeroesMulti.xcdatamodeld in Sources */,
				5BF770F92940D13100FAA323 /* rootView.swift in Sources */,
				5BF770F3293FDAC200FAA323 /* StatusModel.swift in Sources */,
				5BF7710329410D8E00FAA323 /* HerosModel.swift in Sources */,
				5BF770F1293FDA8F00FAA323 /* RootViewModel.swift in Sources */,
				5B0192192943648C00811EEB /* DevelopersView.swift in Sources */,
				5B0192152943555B00811EEB /* viewModelDevelopers.swift in Sources */,
				5BF770F5293FDBDD00FAA323 /* BaseNetwork.swift in Sources */,
				5BF7710129410B6000FAA323 /* PrincipalView.swift in Sources */,
				5BF770FC2940D59700FAA323 /* LoaderView.swift in Sources */,
				5BF770AC293F6E6100FAA323 /* KeyChain.swift in Sources */,
				5B01921C294368C900811EEB /* DevelopersRowView.swift in Sources */,
				5BF77064293E79E900FAA323 /* kcHeroesMultiApp.swift in Sources */,
				5BF7706B293E79E900FAA323 /* ContentView.swift in Sources */,
				5BF7709A293E7B8A00FAA323 /* LoginView.swift in Sources */,
				5BF771082941131A00FAA323 /* HerosView.swift in Sources */,
				5BF7710A2941143900FAA323 /* HerosRowView.swift in Sources */,
				5B01921329434B1600811EEB /* DeveloperModel.swift in Sources */,
				5BF7710529410FDF00FAA323 /* viewModelHeros.swift in Sources */,
				5B01921E2943869D00811EEB /* FavoriteDevelopersView.swift in Sources */,
				5BF770F72940CD1200FAA323 /* PropertyWrappers.swift in Sources */,
				5BF770FE2940D71D00FAA323 /* ErrorView.swift in Sources */,
				5B0192112942D04E00811EEB /* HerosDetailView.swift in Sources */,
				5BF77066293E79E900FAA323 /* Persistence.swift in Sources */,
			);
			runOnlyForDeploymentPostprocessing = 0;
		};
		5BF77072293E79EB00FAA323 /* Sources */ = {
			isa = PBXSourcesBuildPhase;
			buildActionMask = 2147483647;
			files = (
				5BF7709B293E7B8A00FAA323 /* LoginView.swift in Sources */,
				5B577E50294277480050E8CA /* rootView.swift in Sources */,
				5BF7707B293E79EB00FAA323 /* kcHeroesMultiTests.swift in Sources */,
			);
			runOnlyForDeploymentPostprocessing = 0;
		};
		5BF7707C293E79EB00FAA323 /* Sources */ = {
			isa = PBXSourcesBuildPhase;
			buildActionMask = 2147483647;
			files = (
				5B577E51294277490050E8CA /* rootView.swift in Sources */,
				5BF7709C293E7B8A00FAA323 /* LoginView.swift in Sources */,
				5BF77087293E79EB00FAA323 /* kcHeroesMultiUITestsLaunchTests.swift in Sources */,
				5BF77085293E79EB00FAA323 /* kcHeroesMultiUITests.swift in Sources */,
			);
			runOnlyForDeploymentPostprocessing = 0;
		};
/* End PBXSourcesBuildPhase section */

/* Begin PBXTargetDependency section */
		5BF77078293E79EB00FAA323 /* PBXTargetDependency */ = {
			isa = PBXTargetDependency;
			target = 5BF7705F293E79E900FAA323 /* kcHeroesMulti */;
			targetProxy = 5BF77077293E79EB00FAA323 /* PBXContainerItemProxy */;
		};
		5BF77082293E79EB00FAA323 /* PBXTargetDependency */ = {
			isa = PBXTargetDependency;
			target = 5BF7705F293E79E900FAA323 /* kcHeroesMulti */;
			targetProxy = 5BF77081293E79EB00FAA323 /* PBXContainerItemProxy */;
		};
/* End PBXTargetDependency section */

/* Begin PBXVariantGroup section */
		5BF770A8293E7D0A00FAA323 /* Localizable.strings */ = {
			isa = PBXVariantGroup;
			children = (
				5BF770A7293E7D0A00FAA323 /* en */,
				5BF770A9293E7D0B00FAA323 /* es */,
			);
			name = Localizable.strings;
			sourceTree = "<group>";
		};
/* End PBXVariantGroup section */

/* Begin XCBuildConfiguration section */
		5BF77088293E79EB00FAA323 /* Debug */ = {
			isa = XCBuildConfiguration;
			buildSettings = {
				ALWAYS_SEARCH_USER_PATHS = NO;
				CLANG_ANALYZER_LOCALIZABILITY_NONLOCALIZED = YES;
				CLANG_ANALYZER_NONNULL = YES;
				CLANG_ANALYZER_NUMBER_OBJECT_CONVERSION = YES_AGGRESSIVE;
				CLANG_CXX_LANGUAGE_STANDARD = "gnu++20";
				CLANG_ENABLE_MODULES = YES;
				CLANG_ENABLE_OBJC_ARC = YES;
				CLANG_ENABLE_OBJC_WEAK = YES;
				CLANG_WARN_BLOCK_CAPTURE_AUTORELEASING = YES;
				CLANG_WARN_BOOL_CONVERSION = YES;
				CLANG_WARN_COMMA = YES;
				CLANG_WARN_CONSTANT_CONVERSION = YES;
				CLANG_WARN_DEPRECATED_OBJC_IMPLEMENTATIONS = YES;
				CLANG_WARN_DIRECT_OBJC_ISA_USAGE = YES_ERROR;
				CLANG_WARN_DOCUMENTATION_COMMENTS = YES;
				CLANG_WARN_EMPTY_BODY = YES;
				CLANG_WARN_ENUM_CONVERSION = YES;
				CLANG_WARN_INFINITE_RECURSION = YES;
				CLANG_WARN_INT_CONVERSION = YES;
				CLANG_WARN_NON_LITERAL_NULL_CONVERSION = YES;
				CLANG_WARN_OBJC_IMPLICIT_RETAIN_SELF = YES;
				CLANG_WARN_OBJC_LITERAL_CONVERSION = YES;
				CLANG_WARN_OBJC_ROOT_CLASS = YES_ERROR;
				CLANG_WARN_QUOTED_INCLUDE_IN_FRAMEWORK_HEADER = YES;
				CLANG_WARN_RANGE_LOOP_ANALYSIS = YES;
				CLANG_WARN_STRICT_PROTOTYPES = YES;
				CLANG_WARN_SUSPICIOUS_MOVE = YES;
				CLANG_WARN_UNGUARDED_AVAILABILITY = YES_AGGRESSIVE;
				CLANG_WARN_UNREACHABLE_CODE = YES;
				CLANG_WARN__DUPLICATE_METHOD_MATCH = YES;
				COPY_PHASE_STRIP = NO;
				DEAD_CODE_STRIPPING = YES;
				DEBUG_INFORMATION_FORMAT = dwarf;
				ENABLE_STRICT_OBJC_MSGSEND = YES;
				ENABLE_TESTABILITY = YES;
				GCC_C_LANGUAGE_STANDARD = gnu11;
				GCC_DYNAMIC_NO_PIC = NO;
				GCC_NO_COMMON_BLOCKS = YES;
				GCC_OPTIMIZATION_LEVEL = 0;
				GCC_PREPROCESSOR_DEFINITIONS = (
					"DEBUG=1",
					"$(inherited)",
				);
				GCC_WARN_64_TO_32_BIT_CONVERSION = YES;
				GCC_WARN_ABOUT_RETURN_TYPE = YES_ERROR;
				GCC_WARN_UNDECLARED_SELECTOR = YES;
				GCC_WARN_UNINITIALIZED_AUTOS = YES_AGGRESSIVE;
				GCC_WARN_UNUSED_FUNCTION = YES;
				GCC_WARN_UNUSED_VARIABLE = YES;
				MTL_ENABLE_DEBUG_INFO = INCLUDE_SOURCE;
				MTL_FAST_MATH = YES;
				ONLY_ACTIVE_ARCH = YES;
				SWIFT_ACTIVE_COMPILATION_CONDITIONS = DEBUG;
				SWIFT_OPTIMIZATION_LEVEL = "-Onone";
			};
			name = Debug;
		};
		5BF77089293E79EB00FAA323 /* Release */ = {
			isa = XCBuildConfiguration;
			buildSettings = {
				ALWAYS_SEARCH_USER_PATHS = NO;
				CLANG_ANALYZER_LOCALIZABILITY_NONLOCALIZED = YES;
				CLANG_ANALYZER_NONNULL = YES;
				CLANG_ANALYZER_NUMBER_OBJECT_CONVERSION = YES_AGGRESSIVE;
				CLANG_CXX_LANGUAGE_STANDARD = "gnu++20";
				CLANG_ENABLE_MODULES = YES;
				CLANG_ENABLE_OBJC_ARC = YES;
				CLANG_ENABLE_OBJC_WEAK = YES;
				CLANG_WARN_BLOCK_CAPTURE_AUTORELEASING = YES;
				CLANG_WARN_BOOL_CONVERSION = YES;
				CLANG_WARN_COMMA = YES;
				CLANG_WARN_CONSTANT_CONVERSION = YES;
				CLANG_WARN_DEPRECATED_OBJC_IMPLEMENTATIONS = YES;
				CLANG_WARN_DIRECT_OBJC_ISA_USAGE = YES_ERROR;
				CLANG_WARN_DOCUMENTATION_COMMENTS = YES;
				CLANG_WARN_EMPTY_BODY = YES;
				CLANG_WARN_ENUM_CONVERSION = YES;
				CLANG_WARN_INFINITE_RECURSION = YES;
				CLANG_WARN_INT_CONVERSION = YES;
				CLANG_WARN_NON_LITERAL_NULL_CONVERSION = YES;
				CLANG_WARN_OBJC_IMPLICIT_RETAIN_SELF = YES;
				CLANG_WARN_OBJC_LITERAL_CONVERSION = YES;
				CLANG_WARN_OBJC_ROOT_CLASS = YES_ERROR;
				CLANG_WARN_QUOTED_INCLUDE_IN_FRAMEWORK_HEADER = YES;
				CLANG_WARN_RANGE_LOOP_ANALYSIS = YES;
				CLANG_WARN_STRICT_PROTOTYPES = YES;
				CLANG_WARN_SUSPICIOUS_MOVE = YES;
				CLANG_WARN_UNGUARDED_AVAILABILITY = YES_AGGRESSIVE;
				CLANG_WARN_UNREACHABLE_CODE = YES;
				CLANG_WARN__DUPLICATE_METHOD_MATCH = YES;
				COPY_PHASE_STRIP = NO;
				DEAD_CODE_STRIPPING = YES;
				DEBUG_INFORMATION_FORMAT = "dwarf-with-dsym";
				ENABLE_NS_ASSERTIONS = NO;
				ENABLE_STRICT_OBJC_MSGSEND = YES;
				GCC_C_LANGUAGE_STANDARD = gnu11;
				GCC_NO_COMMON_BLOCKS = YES;
				GCC_WARN_64_TO_32_BIT_CONVERSION = YES;
				GCC_WARN_ABOUT_RETURN_TYPE = YES_ERROR;
				GCC_WARN_UNDECLARED_SELECTOR = YES;
				GCC_WARN_UNINITIALIZED_AUTOS = YES_AGGRESSIVE;
				GCC_WARN_UNUSED_FUNCTION = YES;
				GCC_WARN_UNUSED_VARIABLE = YES;
				MTL_ENABLE_DEBUG_INFO = NO;
				MTL_FAST_MATH = YES;
				SWIFT_COMPILATION_MODE = wholemodule;
				SWIFT_OPTIMIZATION_LEVEL = "-O";
			};
			name = Release;
		};
		5BF7708B293E79EB00FAA323 /* Debug */ = {
			isa = XCBuildConfiguration;
			buildSettings = {
				ASSETCATALOG_COMPILER_APPICON_NAME = AppIcon;
				ASSETCATALOG_COMPILER_GLOBAL_ACCENT_COLOR_NAME = AccentColor;
				CODE_SIGN_ENTITLEMENTS = kcHeroesMulti/kcHeroesMulti.entitlements;
				CODE_SIGN_IDENTITY = "-";
				CODE_SIGN_STYLE = Automatic;
				CURRENT_PROJECT_VERSION = 1;
				DEAD_CODE_STRIPPING = YES;
				DEVELOPMENT_ASSET_PATHS = "\"kcHeroesMulti/Preview Content\"";
				ENABLE_PREVIEWS = YES;
				GENERATE_INFOPLIST_FILE = YES;
				"INFOPLIST_KEY_UIApplicationSceneManifest_Generation[sdk=iphoneos*]" = YES;
				"INFOPLIST_KEY_UIApplicationSceneManifest_Generation[sdk=iphonesimulator*]" = YES;
				"INFOPLIST_KEY_UIApplicationSupportsIndirectInputEvents[sdk=iphoneos*]" = YES;
				"INFOPLIST_KEY_UIApplicationSupportsIndirectInputEvents[sdk=iphonesimulator*]" = YES;
				"INFOPLIST_KEY_UILaunchScreen_Generation[sdk=iphoneos*]" = YES;
				"INFOPLIST_KEY_UILaunchScreen_Generation[sdk=iphonesimulator*]" = YES;
				"INFOPLIST_KEY_UIStatusBarStyle[sdk=iphoneos*]" = UIStatusBarStyleDefault;
				"INFOPLIST_KEY_UIStatusBarStyle[sdk=iphonesimulator*]" = UIStatusBarStyleDefault;
				INFOPLIST_KEY_UISupportedInterfaceOrientations_iPad = "UIInterfaceOrientationPortrait UIInterfaceOrientationPortraitUpsideDown UIInterfaceOrientationLandscapeLeft UIInterfaceOrientationLandscapeRight";
				INFOPLIST_KEY_UISupportedInterfaceOrientations_iPhone = "UIInterfaceOrientationPortrait UIInterfaceOrientationLandscapeLeft UIInterfaceOrientationLandscapeRight";
				IPHONEOS_DEPLOYMENT_TARGET = 16.0;
				LD_RUNPATH_SEARCH_PATHS = "@executable_path/Frameworks";
				"LD_RUNPATH_SEARCH_PATHS[sdk=macosx*]" = "@executable_path/../Frameworks";
				MACOSX_DEPLOYMENT_TARGET = 12.3;
				MARKETING_VERSION = 1.0;
				PRODUCT_BUNDLE_IDENTIFIER = com.aiglesias.kcHeroesMulti;
				PRODUCT_NAME = "$(TARGET_NAME)";
				SDKROOT = auto;
				SUPPORTED_PLATFORMS = "iphoneos iphonesimulator macosx";
				SWIFT_EMIT_LOC_STRINGS = YES;
				SWIFT_VERSION = 5.0;
				TARGETED_DEVICE_FAMILY = "1,2";
			};
			name = Debug;
		};
		5BF7708C293E79EB00FAA323 /* Release */ = {
			isa = XCBuildConfiguration;
			buildSettings = {
				ASSETCATALOG_COMPILER_APPICON_NAME = AppIcon;
				ASSETCATALOG_COMPILER_GLOBAL_ACCENT_COLOR_NAME = AccentColor;
				CODE_SIGN_ENTITLEMENTS = kcHeroesMulti/kcHeroesMulti.entitlements;
				CODE_SIGN_IDENTITY = "-";
				CODE_SIGN_STYLE = Automatic;
				CURRENT_PROJECT_VERSION = 1;
				DEAD_CODE_STRIPPING = YES;
				DEVELOPMENT_ASSET_PATHS = "\"kcHeroesMulti/Preview Content\"";
				ENABLE_PREVIEWS = YES;
				GENERATE_INFOPLIST_FILE = YES;
				"INFOPLIST_KEY_UIApplicationSceneManifest_Generation[sdk=iphoneos*]" = YES;
				"INFOPLIST_KEY_UIApplicationSceneManifest_Generation[sdk=iphonesimulator*]" = YES;
				"INFOPLIST_KEY_UIApplicationSupportsIndirectInputEvents[sdk=iphoneos*]" = YES;
				"INFOPLIST_KEY_UIApplicationSupportsIndirectInputEvents[sdk=iphonesimulator*]" = YES;
				"INFOPLIST_KEY_UILaunchScreen_Generation[sdk=iphoneos*]" = YES;
				"INFOPLIST_KEY_UILaunchScreen_Generation[sdk=iphonesimulator*]" = YES;
				"INFOPLIST_KEY_UIStatusBarStyle[sdk=iphoneos*]" = UIStatusBarStyleDefault;
				"INFOPLIST_KEY_UIStatusBarStyle[sdk=iphonesimulator*]" = UIStatusBarStyleDefault;
				INFOPLIST_KEY_UISupportedInterfaceOrientations_iPad = "UIInterfaceOrientationPortrait UIInterfaceOrientationPortraitUpsideDown UIInterfaceOrientationLandscapeLeft UIInterfaceOrientationLandscapeRight";
				INFOPLIST_KEY_UISupportedInterfaceOrientations_iPhone = "UIInterfaceOrientationPortrait UIInterfaceOrientationLandscapeLeft UIInterfaceOrientationLandscapeRight";
				IPHONEOS_DEPLOYMENT_TARGET = 16.0;
				LD_RUNPATH_SEARCH_PATHS = "@executable_path/Frameworks";
				"LD_RUNPATH_SEARCH_PATHS[sdk=macosx*]" = "@executable_path/../Frameworks";
				MACOSX_DEPLOYMENT_TARGET = 12.3;
				MARKETING_VERSION = 1.0;
				PRODUCT_BUNDLE_IDENTIFIER = com.aiglesias.kcHeroesMulti;
				PRODUCT_NAME = "$(TARGET_NAME)";
				SDKROOT = auto;
				SUPPORTED_PLATFORMS = "iphoneos iphonesimulator macosx";
				SWIFT_EMIT_LOC_STRINGS = YES;
				SWIFT_VERSION = 5.0;
				TARGETED_DEVICE_FAMILY = "1,2";
			};
			name = Release;
		};
		5BF7708E293E79EB00FAA323 /* Debug */ = {
			isa = XCBuildConfiguration;
			buildSettings = {
				ALWAYS_EMBED_SWIFT_STANDARD_LIBRARIES = YES;
				BUNDLE_LOADER = "$(TEST_HOST)";
				CODE_SIGN_STYLE = Automatic;
				CURRENT_PROJECT_VERSION = 1;
				DEAD_CODE_STRIPPING = YES;
				GENERATE_INFOPLIST_FILE = YES;
				IPHONEOS_DEPLOYMENT_TARGET = 16.0;
				MACOSX_DEPLOYMENT_TARGET = 12.3;
				MARKETING_VERSION = 1.0;
				PRODUCT_BUNDLE_IDENTIFIER = com.aiglesias.kcHeroesMultiTests;
				PRODUCT_NAME = "$(TARGET_NAME)";
				SDKROOT = auto;
				SUPPORTED_PLATFORMS = "iphoneos iphonesimulator macosx";
				SWIFT_EMIT_LOC_STRINGS = NO;
				SWIFT_VERSION = 5.0;
				TARGETED_DEVICE_FAMILY = "1,2";
				TEST_HOST = "$(BUILT_PRODUCTS_DIR)/kcHeroesMulti.app/$(BUNDLE_EXECUTABLE_FOLDER_PATH)/kcHeroesMulti";
			};
			name = Debug;
		};
		5BF7708F293E79EB00FAA323 /* Release */ = {
			isa = XCBuildConfiguration;
			buildSettings = {
				ALWAYS_EMBED_SWIFT_STANDARD_LIBRARIES = YES;
				BUNDLE_LOADER = "$(TEST_HOST)";
				CODE_SIGN_STYLE = Automatic;
				CURRENT_PROJECT_VERSION = 1;
				DEAD_CODE_STRIPPING = YES;
				GENERATE_INFOPLIST_FILE = YES;
				IPHONEOS_DEPLOYMENT_TARGET = 16.0;
				MACOSX_DEPLOYMENT_TARGET = 12.3;
				MARKETING_VERSION = 1.0;
				PRODUCT_BUNDLE_IDENTIFIER = com.aiglesias.kcHeroesMultiTests;
				PRODUCT_NAME = "$(TARGET_NAME)";
				SDKROOT = auto;
				SUPPORTED_PLATFORMS = "iphoneos iphonesimulator macosx";
				SWIFT_EMIT_LOC_STRINGS = NO;
				SWIFT_VERSION = 5.0;
				TARGETED_DEVICE_FAMILY = "1,2";
				TEST_HOST = "$(BUILT_PRODUCTS_DIR)/kcHeroesMulti.app/$(BUNDLE_EXECUTABLE_FOLDER_PATH)/kcHeroesMulti";
			};
			name = Release;
		};
		5BF77091293E79EB00FAA323 /* Debug */ = {
			isa = XCBuildConfiguration;
			buildSettings = {
				ALWAYS_EMBED_SWIFT_STANDARD_LIBRARIES = YES;
				CODE_SIGN_STYLE = Automatic;
				CURRENT_PROJECT_VERSION = 1;
				DEAD_CODE_STRIPPING = YES;
				GENERATE_INFOPLIST_FILE = YES;
				IPHONEOS_DEPLOYMENT_TARGET = 16.0;
				MACOSX_DEPLOYMENT_TARGET = 12.3;
				MARKETING_VERSION = 1.0;
				PRODUCT_BUNDLE_IDENTIFIER = com.aiglesias.kcHeroesMultiUITests;
				PRODUCT_NAME = "$(TARGET_NAME)";
				SDKROOT = auto;
				SUPPORTED_PLATFORMS = "iphoneos iphonesimulator macosx";
				SWIFT_EMIT_LOC_STRINGS = NO;
				SWIFT_VERSION = 5.0;
				TARGETED_DEVICE_FAMILY = "1,2";
				TEST_TARGET_NAME = kcHeroesMulti;
			};
			name = Debug;
		};
		5BF77092293E79EB00FAA323 /* Release */ = {
			isa = XCBuildConfiguration;
			buildSettings = {
				ALWAYS_EMBED_SWIFT_STANDARD_LIBRARIES = YES;
				CODE_SIGN_STYLE = Automatic;
				CURRENT_PROJECT_VERSION = 1;
				DEAD_CODE_STRIPPING = YES;
				GENERATE_INFOPLIST_FILE = YES;
				IPHONEOS_DEPLOYMENT_TARGET = 16.0;
				MACOSX_DEPLOYMENT_TARGET = 12.3;
				MARKETING_VERSION = 1.0;
				PRODUCT_BUNDLE_IDENTIFIER = com.aiglesias.kcHeroesMultiUITests;
				PRODUCT_NAME = "$(TARGET_NAME)";
				SDKROOT = auto;
				SUPPORTED_PLATFORMS = "iphoneos iphonesimulator macosx";
				SWIFT_EMIT_LOC_STRINGS = NO;
				SWIFT_VERSION = 5.0;
				TARGETED_DEVICE_FAMILY = "1,2";
				TEST_TARGET_NAME = kcHeroesMulti;
			};
			name = Release;
		};
/* End XCBuildConfiguration section */

/* Begin XCConfigurationList section */
		5BF7705B293E79E800FAA323 /* Build configuration list for PBXProject "kcHeroesMulti" */ = {
			isa = XCConfigurationList;
			buildConfigurations = (
				5BF77088293E79EB00FAA323 /* Debug */,
				5BF77089293E79EB00FAA323 /* Release */,
			);
			defaultConfigurationIsVisible = 0;
			defaultConfigurationName = Release;
		};
		5BF7708A293E79EB00FAA323 /* Build configuration list for PBXNativeTarget "kcHeroesMulti" */ = {
			isa = XCConfigurationList;
			buildConfigurations = (
				5BF7708B293E79EB00FAA323 /* Debug */,
				5BF7708C293E79EB00FAA323 /* Release */,
			);
			defaultConfigurationIsVisible = 0;
			defaultConfigurationName = Release;
		};
		5BF7708D293E79EB00FAA323 /* Build configuration list for PBXNativeTarget "kcHeroesMultiTests" */ = {
			isa = XCConfigurationList;
			buildConfigurations = (
				5BF7708E293E79EB00FAA323 /* Debug */,
				5BF7708F293E79EB00FAA323 /* Release */,
			);
			defaultConfigurationIsVisible = 0;
			defaultConfigurationName = Release;
		};
		5BF77090293E79EB00FAA323 /* Build configuration list for PBXNativeTarget "kcHeroesMultiUITests" */ = {
			isa = XCConfigurationList;
			buildConfigurations = (
				5BF77091293E79EB00FAA323 /* Debug */,
				5BF77092293E79EB00FAA323 /* Release */,
			);
			defaultConfigurationIsVisible = 0;
			defaultConfigurationName = Release;
		};
/* End XCConfigurationList section */

/* Begin XCRemoteSwiftPackageReference section */
		5B124AA929427E6900C993B7 /* XCRemoteSwiftPackageReference "keychain-swift" */ = {
			isa = XCRemoteSwiftPackageReference;
			repositoryURL = "https://github.com/evgenyneu/keychain-swift";
			requirement = {
				branch = master;
				kind = branch;
			};
		};
/* End XCRemoteSwiftPackageReference section */

/* Begin XCSwiftPackageProductDependency section */
		5B124AAA29427E6900C993B7 /* KeychainSwift */ = {
			isa = XCSwiftPackageProductDependency;
			package = 5B124AA929427E6900C993B7 /* XCRemoteSwiftPackageReference "keychain-swift" */;
			productName = KeychainSwift;
		};
/* End XCSwiftPackageProductDependency section */

/* Begin XCVersionGroup section */
		5BF77067293E79E900FAA323 /* kcHeroesMulti.xcdatamodeld */ = {
			isa = XCVersionGroup;
			children = (
				5BF77068293E79E900FAA323 /* kcHeroesMulti.xcdatamodel */,
			);
			currentVersion = 5BF77068293E79E900FAA323 /* kcHeroesMulti.xcdatamodel */;
			path = kcHeroesMulti.xcdatamodeld;
			sourceTree = "<group>";
			versionGroupType = wrapper.xcdatamodel;
		};
/* End XCVersionGroup section */
	};
	rootObject = 5BF77058293E79E800FAA323 /* Project object */;
}
